// !$*UTF8*$!
{
	archiveVersion = 1;
	classes = {
	};
	objectVersion = 46;
	objects = {

/* Begin PBXBuildFile section */
		25D28D5815AA4EC000617B84 /* UIKit.framework in Frameworks */ = {isa = PBXBuildFile; fileRef = 25D28D5715AA4EC000617B84 /* UIKit.framework */; };
		25D28D5A15AA4EC000617B84 /* Foundation.framework in Frameworks */ = {isa = PBXBuildFile; fileRef = 25D28D5915AA4EC000617B84 /* Foundation.framework */; };
		25D28D5C15AA4EC000617B84 /* CoreGraphics.framework in Frameworks */ = {isa = PBXBuildFile; fileRef = 25D28D5B15AA4EC000617B84 /* CoreGraphics.framework */; };
		25D28D6215AA4EC000617B84 /* InfoPlist.strings in Resources */ = {isa = PBXBuildFile; fileRef = 25D28D6015AA4EC000617B84 /* InfoPlist.strings */; };
		25D28D6415AA4EC000617B84 /* main.m in Sources */ = {isa = PBXBuildFile; fileRef = 25D28D6315AA4EC000617B84 /* main.m */; };
		25D28D6815AA4EC000617B84 /* AppDelegate.m in Sources */ = {isa = PBXBuildFile; fileRef = 25D28D6715AA4EC000617B84 /* AppDelegate.m */; };
		25D28D6B15AA4EC000617B84 /* ViewController.m in Sources */ = {isa = PBXBuildFile; fileRef = 25D28D6A15AA4EC000617B84 /* ViewController.m */; };
		25D28D6E15AA4EC000617B84 /* ViewController.xib in Resources */ = {isa = PBXBuildFile; fileRef = 25D28D6C15AA4EC000617B84 /* ViewController.xib */; };
		25D28D8E15AA4F9000617B84 /* EGORefreshTableHeaderView.m in Sources */ = {isa = PBXBuildFile; fileRef = 25D28D8615AA4F9000617B84 /* EGORefreshTableHeaderView.m */; settings = {COMPILER_FLAGS = "-fno-objc-arc"; }; };
		25D28D8F15AA4F9000617B84 /* PullToRefreshTableViewController.m in Sources */ = {isa = PBXBuildFile; fileRef = 25D28D8815AA4F9000617B84 /* PullToRefreshTableViewController.m */; settings = {COMPILER_FLAGS = "-fno-objc-arc"; }; };
		25D28D9015AA4F9000617B84 /* blackArrow.png in Resources */ = {isa = PBXBuildFile; fileRef = 25D28D8A15AA4F9000617B84 /* blackArrow.png */; };
		25D28D9115AA4F9000617B84 /* blueArrow.png in Resources */ = {isa = PBXBuildFile; fileRef = 25D28D8B15AA4F9000617B84 /* blueArrow.png */; };
		25D28D9215AA4F9000617B84 /* blueArrow_new.png in Resources */ = {isa = PBXBuildFile; fileRef = 25D28D8C15AA4F9000617B84 /* blueArrow_new.png */; };
		25D28D9315AA4F9000617B84 /* whiteArrow.png in Resources */ = {isa = PBXBuildFile; fileRef = 25D28D8D15AA4F9000617B84 /* whiteArrow.png */; };
		25D28D9715AA501200617B84 /* QuartzCore.framework in Frameworks */ = {isa = PBXBuildFile; fileRef = 25D28D9615AA501200617B84 /* QuartzCore.framework */; };
/* End PBXBuildFile section */

/* Begin PBXFileReference section */
		25D28D5315AA4EC000617B84 /* DDTableViewPullRefresh.app */ = {isa = PBXFileReference; explicitFileType = wrapper.application; includeInIndex = 0; path = DDTableViewPullRefresh.app; sourceTree = BUILT_PRODUCTS_DIR; };
		25D28D5715AA4EC000617B84 /* UIKit.framework */ = {isa = PBXFileReference; lastKnownFileType = wrapper.framework; name = UIKit.framework; path = System/Library/Frameworks/UIKit.framework; sourceTree = SDKROOT; };
		25D28D5915AA4EC000617B84 /* Foundation.framework */ = {isa = PBXFileReference; lastKnownFileType = wrapper.framework; name = Foundation.framework; path = System/Library/Frameworks/Foundation.framework; sourceTree = SDKROOT; };
		25D28D5B15AA4EC000617B84 /* CoreGraphics.framework */ = {isa = PBXFileReference; lastKnownFileType = wrapper.framework; name = CoreGraphics.framework; path = System/Library/Frameworks/CoreGraphics.framework; sourceTree = SDKROOT; };
		25D28D5F15AA4EC000617B84 /* DDTableViewPullRefresh-Info.plist */ = {isa = PBXFileReference; lastKnownFileType = text.plist.xml; path = "DDTableViewPullRefresh-Info.plist"; sourceTree = "<group>"; };
		25D28D6115AA4EC000617B84 /* en */ = {isa = PBXFileReference; lastKnownFileType = text.plist.strings; name = en; path = en.lproj/InfoPlist.strings; sourceTree = "<group>"; };
		25D28D6315AA4EC000617B84 /* main.m */ = {isa = PBXFileReference; lastKnownFileType = sourcecode.c.objc; path = main.m; sourceTree = "<group>"; };
		25D28D6515AA4EC000617B84 /* DDTableViewPullRefresh-Prefix.pch */ = {isa = PBXFileReference; lastKnownFileType = sourcecode.c.h; path = "DDTableViewPullRefresh-Prefix.pch"; sourceTree = "<group>"; };
		25D28D6615AA4EC000617B84 /* AppDelegate.h */ = {isa = PBXFileReference; lastKnownFileType = sourcecode.c.h; path = AppDelegate.h; sourceTree = "<group>"; };
		25D28D6715AA4EC000617B84 /* AppDelegate.m */ = {isa = PBXFileReference; lastKnownFileType = sourcecode.c.objc; path = AppDelegate.m; sourceTree = "<group>"; };
		25D28D6915AA4EC000617B84 /* ViewController.h */ = {isa = PBXFileReference; lastKnownFileType = sourcecode.c.h; path = ViewController.h; sourceTree = "<group>"; };
		25D28D6A15AA4EC000617B84 /* ViewController.m */ = {isa = PBXFileReference; lastKnownFileType = sourcecode.c.objc; path = ViewController.m; sourceTree = "<group>"; };
		25D28D6D15AA4EC000617B84 /* en */ = {isa = PBXFileReference; lastKnownFileType = file.xib; name = en; path = en.lproj/ViewController.xib; sourceTree = "<group>"; };
		25D28D8515AA4F9000617B84 /* EGORefreshTableHeaderView.h */ = {isa = PBXFileReference; fileEncoding = 4; lastKnownFileType = sourcecode.c.h; path = EGORefreshTableHeaderView.h; sourceTree = "<group>"; };
		25D28D8615AA4F9000617B84 /* EGORefreshTableHeaderView.m */ = {isa = PBXFileReference; fileEncoding = 4; lastKnownFileType = sourcecode.c.objc; path = EGORefreshTableHeaderView.m; sourceTree = "<group>"; };
		25D28D8715AA4F9000617B84 /* PullToRefreshTableViewController.h */ = {isa = PBXFileReference; fileEncoding = 4; lastKnownFileType = sourcecode.c.h; path = PullToRefreshTableViewController.h; sourceTree = "<group>"; };
		25D28D8815AA4F9000617B84 /* PullToRefreshTableViewController.m */ = {isa = PBXFileReference; fileEncoding = 4; lastKnownFileType = sourcecode.c.objc; path = PullToRefreshTableViewController.m; sourceTree = "<group>"; };
		25D28D8A15AA4F9000617B84 /* blackArrow.png */ = {isa = PBXFileReference; lastKnownFileType = image.png; path = blackArrow.png; sourceTree = "<group>"; };
		25D28D8B15AA4F9000617B84 /* blueArrow.png */ = {isa = PBXFileReference; lastKnownFileType = image.png; path = blueArrow.png; sourceTree = "<group>"; };
		25D28D8C15AA4F9000617B84 /* blueArrow_new.png */ = {isa = PBXFileReference; lastKnownFileType = image.png; path = blueArrow_new.png; sourceTree = "<group>"; };
		25D28D8D15AA4F9000617B84 /* whiteArrow.png */ = {isa = PBXFileReference; lastKnownFileType = image.png; path = whiteArrow.png; sourceTree = "<group>"; };
		25D28D9615AA501200617B84 /* QuartzCore.framework */ = {isa = PBXFileReference; lastKnownFileType = wrapper.framework; name = QuartzCore.framework; path = System/Library/Frameworks/QuartzCore.framework; sourceTree = SDKROOT; };
/* End PBXFileReference section */

/* Begin PBXFrameworksBuildPhase section */
		25D28D5015AA4EC000617B84 /* Frameworks */ = {
			isa = PBXFrameworksBuildPhase;
			buildActionMask = 2147483647;
			files = (
				25D28D9715AA501200617B84 /* QuartzCore.framework in Frameworks */,
				25D28D5815AA4EC000617B84 /* UIKit.framework in Frameworks */,
				25D28D5A15AA4EC000617B84 /* Foundation.framework in Frameworks */,
				25D28D5C15AA4EC000617B84 /* CoreGraphics.framework in Frameworks */,
			);
			runOnlyForDeploymentPostprocessing = 0;
		};
/* End PBXFrameworksBuildPhase section */

/* Begin PBXGroup section */
		25D28D4815AA4EC000617B84 = {
			isa = PBXGroup;
			children = (
				25D28D5D15AA4EC000617B84 /* DDTableViewPullRefresh */,
				25D28D5615AA4EC000617B84 /* Frameworks */,
				25D28D5415AA4EC000617B84 /* Products */,
			);
			sourceTree = "<group>";
		};
		25D28D5415AA4EC000617B84 /* Products */ = {
			isa = PBXGroup;
			children = (
				25D28D5315AA4EC000617B84 /* DDTableViewPullRefresh.app */,
			);
			name = Products;
			sourceTree = "<group>";
		};
		25D28D5615AA4EC000617B84 /* Frameworks */ = {
			isa = PBXGroup;
			children = (
				25D28D9615AA501200617B84 /* QuartzCore.framework */,
				25D28D5715AA4EC000617B84 /* UIKit.framework */,
				25D28D5915AA4EC000617B84 /* Foundation.framework */,
				25D28D5B15AA4EC000617B84 /* CoreGraphics.framework */,
			);
			name = Frameworks;
			sourceTree = "<group>";
		};
		25D28D5D15AA4EC000617B84 /* DDTableViewPullRefresh */ = {
			isa = PBXGroup;
			children = (
				25D28D8415AA4F9000617B84 /* PullToRefresh */,
				25D28D6615AA4EC000617B84 /* AppDelegate.h */,
				25D28D6715AA4EC000617B84 /* AppDelegate.m */,
				25D28D6915AA4EC000617B84 /* ViewController.h */,
				25D28D6A15AA4EC000617B84 /* ViewController.m */,
				25D28D6C15AA4EC000617B84 /* ViewController.xib */,
				25D28D5E15AA4EC000617B84 /* Supporting Files */,
			);
			path = DDTableViewPullRefresh;
			sourceTree = "<group>";
		};
		25D28D5E15AA4EC000617B84 /* Supporting Files */ = {
			isa = PBXGroup;
			children = (
				25D28D5F15AA4EC000617B84 /* DDTableViewPullRefresh-Info.plist */,
				25D28D6015AA4EC000617B84 /* InfoPlist.strings */,
				25D28D6315AA4EC000617B84 /* main.m */,
				25D28D6515AA4EC000617B84 /* DDTableViewPullRefresh-Prefix.pch */,
			);
			name = "Supporting Files";
			sourceTree = "<group>";
		};
		25D28D8415AA4F9000617B84 /* PullToRefresh */ = {
			isa = PBXGroup;
			children = (
				25D28D8715AA4F9000617B84 /* PullToRefreshTableViewController.h */,
				25D28D8815AA4F9000617B84 /* PullToRefreshTableViewController.m */,
				25D28D8515AA4F9000617B84 /* EGORefreshTableHeaderView.h */,
				25D28D8615AA4F9000617B84 /* EGORefreshTableHeaderView.m */,
				25D28D8915AA4F9000617B84 /* Resources */,
			);
			path = PullToRefresh;
			sourceTree = "<group>";
		};
		25D28D8915AA4F9000617B84 /* Resources */ = {
			isa = PBXGroup;
			children = (
				25D28D8A15AA4F9000617B84 /* blackArrow.png */,
				25D28D8B15AA4F9000617B84 /* blueArrow.png */,
				25D28D8C15AA4F9000617B84 /* blueArrow_new.png */,
				25D28D8D15AA4F9000617B84 /* whiteArrow.png */,
			);
			path = Resources;
			sourceTree = "<group>";
		};
/* End PBXGroup section */

/* Begin PBXNativeTarget section */
		25D28D5215AA4EC000617B84 /* DDTableViewPullRefresh */ = {
			isa = PBXNativeTarget;
			buildConfigurationList = 25D28D7115AA4EC000617B84 /* Build configuration list for PBXNativeTarget "DDTableViewPullRefresh" */;
			buildPhases = (
				25D28D4F15AA4EC000617B84 /* Sources */,
				25D28D5015AA4EC000617B84 /* Frameworks */,
				25D28D5115AA4EC000617B84 /* Resources */,
			);
			buildRules = (
			);
			dependencies = (
			);
			name = DDTableViewPullRefresh;
			productName = DDTableViewPullRefresh;
			productReference = 25D28D5315AA4EC000617B84 /* DDTableViewPullRefresh.app */;
			productType = "com.apple.product-type.application";
		};
/* End PBXNativeTarget section */

/* Begin PBXProject section */
		25D28D4A15AA4EC000617B84 /* Project object */ = {
			isa = PBXProject;
			attributes = {
				LastUpgradeCheck = 0430;
				ORGANIZATIONNAME = dodyrw.com;
			};
			buildConfigurationList = 25D28D4D15AA4EC000617B84 /* Build configuration list for PBXProject "DDTableViewPullRefresh" */;
			compatibilityVersion = "Xcode 3.2";
			developmentRegion = English;
			hasScannedForEncodings = 0;
			knownRegions = (
				en,
			);
			mainGroup = 25D28D4815AA4EC000617B84;
			productRefGroup = 25D28D5415AA4EC000617B84 /* Products */;
			projectDirPath = "";
			projectRoot = "";
			targets = (
				25D28D5215AA4EC000617B84 /* DDTableViewPullRefresh */,
			);
		};
/* End PBXProject section */

/* Begin PBXResourcesBuildPhase section */
		25D28D5115AA4EC000617B84 /* Resources */ = {
			isa = PBXResourcesBuildPhase;
			buildActionMask = 2147483647;
			files = (
				25D28D6215AA4EC000617B84 /* InfoPlist.strings in Resources */,
				25D28D6E15AA4EC000617B84 /* ViewController.xib in Resources */,
				25D28D9015AA4F9000617B84 /* blackArrow.png in Resources */,
				25D28D9115AA4F9000617B84 /* blueArrow.png in Resources */,
				25D28D9215AA4F9000617B84 /* blueArrow_new.png in Resources */,
				25D28D9315AA4F9000617B84 /* whiteArrow.png in Resources */,
			);
			runOnlyForDeploymentPostprocessing = 0;
		};
/* End PBXResourcesBuildPhase section */

/* Begin PBXSourcesBuildPhase section */
		25D28D4F15AA4EC000617B84 /* Sources */ = {
			isa = PBXSourcesBuildPhase;
			buildActionMask = 2147483647;
			files = (
				25D28D6415AA4EC000617B84 /* main.m in Sources */,
				25D28D6815AA4EC000617B84 /* AppDelegate.m in Sources */,
				25D28D6B15AA4EC000617B84 /* ViewController.m in Sources */,
				25D28D8E15AA4F9000617B84 /* EGORefreshTableHeaderView.m in Sources */,
				25D28D8F15AA4F9000617B84 /* PullToRefreshTableViewController.m in Sources */,
			);
			runOnlyForDeploymentPostprocessing = 0;
		};
/* End PBXSourcesBuildPhase section */

/* Begin PBXVariantGroup section */
		25D28D6015AA4EC000617B84 /* InfoPlist.strings */ = {
			isa = PBXVariantGroup;
			children = (
				25D28D6115AA4EC000617B84 /* en */,
			);
			name = InfoPlist.strings;
			sourceTree = "<group>";
		};
		25D28D6C15AA4EC000617B84 /* ViewController.xib */ = {
			isa = PBXVariantGroup;
			children = (
				25D28D6D15AA4EC000617B84 /* en */,
			);
			name = ViewController.xib;
			sourceTree = "<group>";
		};
/* End PBXVariantGroup section */

/* Begin XCBuildConfiguration section */
		25D28D6F15AA4EC000617B84 /* Debug */ = {
			isa = XCBuildConfiguration;
			buildSettings = {
				ALWAYS_SEARCH_USER_PATHS = NO;
				ARCHS = "$(ARCHS_STANDARD_32_BIT)";
				CLANG_ENABLE_OBJC_ARC = YES;
				"CODE_SIGN_IDENTITY[sdk=iphoneos*]" = "iPhone Developer";
				COPY_PHASE_STRIP = NO;
				GCC_C_LANGUAGE_STANDARD = gnu99;
				GCC_DYNAMIC_NO_PIC = NO;
				GCC_OPTIMIZATION_LEVEL = 0;
				GCC_PREPROCESSOR_DEFINITIONS = (
					"DEBUG=1",
					"$(inherited)",
				);
				GCC_SYMBOLS_PRIVATE_EXTERN = NO;
				GCC_VERSION = com.apple.compilers.llvm.clang.1_0;
				GCC_WARN_ABOUT_RETURN_TYPE = YES;
				GCC_WARN_UNINITIALIZED_AUTOS = YES;
				GCC_WARN_UNUSED_VARIABLE = YES;
				IPHONEOS_DEPLOYMENT_TARGET = 5.1;
				SDKROOT = iphoneos;
			};
			name = Debug;
		};
		25D28D7015AA4EC000617B84 /* Release */ = {
			isa = XCBuildConfiguration;
			buildSettings = {
				ALWAYS_SEARCH_USER_PATHS = NO;
				ARCHS = "$(ARCHS_STANDARD_32_BIT)";
				CLANG_ENABLE_OBJC_ARC = YES;
				"CODE_SIGN_IDENTITY[sdk=iphoneos*]" = "iPhone Developer";
				COPY_PHASE_STRIP = YES;
				GCC_C_LANGUAGE_STANDARD = gnu99;
				GCC_VERSION = com.apple.compilers.llvm.clang.1_0;
				GCC_WARN_ABOUT_RETURN_TYPE = YES;
				GCC_WARN_UNINITIALIZED_AUTOS = YES;
				GCC_WARN_UNUSED_VARIABLE = YES;
				IPHONEOS_DEPLOYMENT_TARGET = 5.1;
				OTHER_CFLAGS = "-DNS_BLOCK_ASSERTIONS=1";
				SDKROOT = iphoneos;
				VALIDATE_PRODUCT = YES;
			};
			name = Release;
		};
		25D28D7215AA4EC000617B84 /* Debug */ = {
			isa = XCBuildConfiguration;
			buildSettings = {
				GCC_PRECOMPILE_PREFIX_HEADER = YES;
				GCC_PREFIX_HEADER = "DDTableViewPullRefresh/DDTableViewPullRefresh-Prefix.pch";
				INFOPLIST_FILE = "DDTableViewPullRefresh/DDTableViewPullRefresh-Info.plist";
				PRODUCT_NAME = "$(TARGET_NAME)";
				WRAPPER_EXTENSION = app;
			};
			name = Debug;
		};
		25D28D7315AA4EC000617B84 /* Release */ = {
			isa = XCBuildConfiguration;
			buildSettings = {
				GCC_PRECOMPILE_PREFIX_HEADER = YES;
				GCC_PREFIX_HEADER = "DDTableViewPullRefresh/DDTableViewPullRefresh-Prefix.pch";
				INFOPLIST_FILE = "DDTableViewPullRefresh/DDTableViewPullRefresh-Info.plist";
				PRODUCT_NAME = "$(TARGET_NAME)";
				WRAPPER_EXTENSION = app;
			};
			name = Release;
		};
/* End XCBuildConfiguration section */

/* Begin XCConfigurationList section */
		25D28D4D15AA4EC000617B84 /* Build configuration list for PBXProject "DDTableViewPullRefresh" */ = {
			isa = XCConfigurationList;
			buildConfigurations = (
				25D28D6F15AA4EC000617B84 /* Debug */,
				25D28D7015AA4EC000617B84 /* Release */,
			);
			defaultConfigurationIsVisible = 0;
			defaultConfigurationName = Release;
		};
		25D28D7115AA4EC000617B84 /* Build configuration list for PBXNativeTarget "DDTableViewPullRefresh" */ = {
			isa = XCConfigurationList;
			buildConfigurations = (
				25D28D7215AA4EC000617B84 /* Debug */,
				25D28D7315AA4EC000617B84 /* Release */,
			);
			defaultConfigurationIsVisible = 0;
		};
/* End XCConfigurationList section */
	};
	rootObject = 25D28D4A15AA4EC000617B84 /* Project object */;
}
